
Microsoft Visual Studio Solution File, Format Version 12.00
# Visual Studio 15
VisualStudioVersion = 15.0.27703.2000
MinimumVisualStudioVersion = 10.0.40219.1
Project("{FAE04EC0-301F-11D3-BF4B-00C04F79EFBC}") = "1.DebitCardNumber", "1.DebitCardNumber\1.DebitCardNumber.csproj", "{E9500F15-8045-4186-8BA7-9D75F858336D}"
EndProject
Project("{FAE04EC0-301F-11D3-BF4B-00C04F79EFBC}") = "2.RectangleArea", "2.RectangleArea\2.RectangleArea.csproj", "{CF1797A0-2274-48CC-B96C-9564800C943C}"
EndProject
Project("{FAE04EC0-301F-11D3-BF4B-00C04F79EFBC}") = "3.MilesToKilometers", "3.MilesToKilometers\3.MilesToKilometers.csproj", "{C17B4A39-A591-46E4-9AE1-B00649B9D973}"
EndProject
Project("{FAE04EC0-301F-11D3-BF4B-00C04F79EFBC}") = "4.BeverageLabels", "4.BeverageLabels\4.BeverageLabels.csproj", "{63C38F62-341E-4D6A-9232-5729FB2C0166}"
EndProject
Project("{FAE04EC0-301F-11D3-BF4B-00C04F79EFBC}") = "5.CharacterStats", "5.CharacterStats\5.CharacterStats.csproj", "{77B0B555-4B1E-4CA9-9A20-0DB5C2F368B7}"
EndProject
Global
	GlobalSection(SolutionConfigurationPlatforms) = preSolution
		Debug|Any CPU = Debug|Any CPU
		Release|Any CPU = Release|Any CPU
	EndGlobalSection
	GlobalSection(ProjectConfigurationPlatforms) = postSolution
		{E9500F15-8045-4186-8BA7-9D75F858336D}.Debug|Any CPU.ActiveCfg = Debug|Any CPU
		{E9500F15-8045-4186-8BA7-9D75F858336D}.Debug|Any CPU.Build.0 = Debug|Any CPU
		{E9500F15-8045-4186-8BA7-9D75F858336D}.Release|Any CPU.ActiveCfg = Release|Any CPU
		{E9500F15-8045-4186-8BA7-9D75F858336D}.Release|Any CPU.Build.0 = Release|Any CPU
		{CF1797A0-2274-48CC-B96C-9564800C943C}.Debug|Any CPU.ActiveCfg = Debug|Any CPU
		{CF1797A0-2274-48CC-B96C-9564800C943C}.Debug|Any CPU.Build.0 = Debug|Any CPU
		{CF1797A0-2274-48CC-B96C-9564800C943C}.Release|Any CPU.ActiveCfg = Release|Any CPU
		{CF1797A0-2274-48CC-B96C-9564800C943C}.Release|Any CPU.Build.0 = Release|Any CPU
		{C17B4A39-A591-46E4-9AE1-B00649B9D973}.Debug|Any CPU.ActiveCfg = Debug|Any CPU
		{C17B4A39-A591-46E4-9AE1-B00649B9D973}.Debug|Any CPU.Build.0 = Debug|Any CPU
		{C17B4A39-A591-46E4-9AE1-B00649B9D973}.Release|Any CPU.ActiveCfg = Release|Any CPU
		{C17B4A39-A591-46E4-9AE1-B00649B9D973}.Release|Any CPU.Build.0 = Release|Any CPU
		{63C38F62-341E-4D6A-9232-5729FB2C0166}.Debug|Any CPU.ActiveCfg = Debug|Any CPU
		{63C38F62-341E-4D6A-9232-5729FB2C0166}.Debug|Any CPU.Build.0 = Debug|Any CPU
		{63C38F62-341E-4D6A-9232-5729FB2C0166}.Release|Any CPU.ActiveCfg = Release|Any CPU
		{63C38F62-341E-4D6A-9232-5729FB2C0166}.Release|Any CPU.Build.0 = Release|Any CPU
		{77B0B555-4B1E-4CA9-9A20-0DB5C2F368B7}.Debug|Any CPU.ActiveCfg = Debug|Any CPU
		{77B0B555-4B1E-4CA9-9A20-0DB5C2F368B7}.Debug|Any CPU.Build.0 = Debug|Any CPU
		{77B0B555-4B1E-4CA9-9A20-0DB5C2F368B7}.Release|Any CPU.ActiveCfg = Release|Any CPU
		{77B0B555-4B1E-4CA9-9A20-0DB5C2F368B7}.Release|Any CPU.Build.0 = Release|Any CPU
	EndGlobalSection
	GlobalSection(SolutionProperties) = preSolution
		HideSolutionNode = FALSE
	EndGlobalSection
	GlobalSection(ExtensibilityGlobals) = postSolution
		SolutionGuid = {83CD87AB-BC04-4899-8C60-592A006545D7}
	EndGlobalSection
EndGlobal
