
Microsoft Visual Studio Solution File, Format Version 12.00
# Visual Studio 15
VisualStudioVersion = 15.0.28010.2036
MinimumVisualStudioVersion = 10.0.40219.1
Project("{FAE04EC0-301F-11D3-BF4B-00C04F79EFBC}") = "1.ClassBox", "1.ClassBox\1.ClassBox.csproj", "{620921B8-76F3-45BD-AD00-21C8E529DC21}"
EndProject
Project("{FAE04EC0-301F-11D3-BF4B-00C04F79EFBC}") = "2.ClassBoxDataValidation", "2.ClassBoxDataValidation\2.ClassBoxDataValidation.csproj", "{DC289152-D188-47B6-9B02-5E886697849C}"
EndProject
Project("{FAE04EC0-301F-11D3-BF4B-00C04F79EFBC}") = "4.ShoppingSpree", "4.ShoppingSpree\4.ShoppingSpree.csproj", "{FE42017A-946F-4C0A-A2CA-F320B02185C2}"
EndProject
Project("{FAE04EC0-301F-11D3-BF4B-00C04F79EFBC}") = "5.PizzaCalories", "5.PizzaCalories\5.PizzaCalories.csproj", "{57D2A0B5-4B56-432B-99BF-AAA6EECCBC36}"
EndProject
Global
	GlobalSection(SolutionConfigurationPlatforms) = preSolution
		Debug|Any CPU = Debug|Any CPU
		Release|Any CPU = Release|Any CPU
	EndGlobalSection
	GlobalSection(ProjectConfigurationPlatforms) = postSolution
		{620921B8-76F3-45BD-AD00-21C8E529DC21}.Debug|Any CPU.ActiveCfg = Debug|Any CPU
		{620921B8-76F3-45BD-AD00-21C8E529DC21}.Debug|Any CPU.Build.0 = Debug|Any CPU
		{620921B8-76F3-45BD-AD00-21C8E529DC21}.Release|Any CPU.ActiveCfg = Release|Any CPU
		{620921B8-76F3-45BD-AD00-21C8E529DC21}.Release|Any CPU.Build.0 = Release|Any CPU
		{DC289152-D188-47B6-9B02-5E886697849C}.Debug|Any CPU.ActiveCfg = Debug|Any CPU
		{DC289152-D188-47B6-9B02-5E886697849C}.Debug|Any CPU.Build.0 = Debug|Any CPU
		{DC289152-D188-47B6-9B02-5E886697849C}.Release|Any CPU.ActiveCfg = Release|Any CPU
		{DC289152-D188-47B6-9B02-5E886697849C}.Release|Any CPU.Build.0 = Release|Any CPU
		{FE42017A-946F-4C0A-A2CA-F320B02185C2}.Debug|Any CPU.ActiveCfg = Debug|Any CPU
		{FE42017A-946F-4C0A-A2CA-F320B02185C2}.Debug|Any CPU.Build.0 = Debug|Any CPU
		{FE42017A-946F-4C0A-A2CA-F320B02185C2}.Release|Any CPU.ActiveCfg = Release|Any CPU
		{FE42017A-946F-4C0A-A2CA-F320B02185C2}.Release|Any CPU.Build.0 = Release|Any CPU
		{57D2A0B5-4B56-432B-99BF-AAA6EECCBC36}.Debug|Any CPU.ActiveCfg = Debug|Any CPU
		{57D2A0B5-4B56-432B-99BF-AAA6EECCBC36}.Debug|Any CPU.Build.0 = Debug|Any CPU
		{57D2A0B5-4B56-432B-99BF-AAA6EECCBC36}.Release|Any CPU.ActiveCfg = Release|Any CPU
		{57D2A0B5-4B56-432B-99BF-AAA6EECCBC36}.Release|Any CPU.Build.0 = Release|Any CPU
	EndGlobalSection
	GlobalSection(SolutionProperties) = preSolution
		HideSolutionNode = FALSE
	EndGlobalSection
	GlobalSection(ExtensibilityGlobals) = postSolution
		SolutionGuid = {47522C8E-A94A-43B1-84BE-3C02AD6F1C67}
	EndGlobalSection
EndGlobal
