
Microsoft Visual Studio Solution File, Format Version 12.00
# Visual Studio 15
VisualStudioVersion = 15.0.26430.6
MinimumVisualStudioVersion = 10.0.40219.1
Project("{FAE04EC0-301F-11D3-BF4B-00C04F79EFBC}") = "Fishland", "Fishland\Fishland.csproj", "{5120FAED-5B62-4490-B440-06C0B7181680}"
EndProject
Project("{FAE04EC0-301F-11D3-BF4B-00C04F79EFBC}") = "Pets", "Pets\Pets.csproj", "{A8BE837C-5B09-4112-BE3B-23F7D9B03868}"
EndProject
Project("{FAE04EC0-301F-11D3-BF4B-00C04F79EFBC}") = "Vacation", "Vacation\Vacation.csproj", "{521BD22B-654E-4DC2-A71F-A40074A8DD5E}"
EndProject
Project("{FAE04EC0-301F-11D3-BF4B-00C04F79EFBC}") = "SoftUniCamp", "SoftUniCamp\SoftUniCamp.csproj", "{EB4A64EA-1A60-4617-8329-E45A80D85A52}"
EndProject
Project("{FAE04EC0-301F-11D3-BF4B-00C04F79EFBC}") = "Fox", "Fox\Fox.csproj", "{61FCE51F-6F60-4342-B726-AFB443E0D4FD}"
EndProject
Project("{FAE04EC0-301F-11D3-BF4B-00C04F79EFBC}") = "Battles", "Battles\Battles.csproj", "{3982BECF-B0FC-4F64-891B-E9780F17102E}"
EndProject
Global
	GlobalSection(SolutionConfigurationPlatforms) = preSolution
		Debug|Any CPU = Debug|Any CPU
		Release|Any CPU = Release|Any CPU
	EndGlobalSection
	GlobalSection(ProjectConfigurationPlatforms) = postSolution
		{5120FAED-5B62-4490-B440-06C0B7181680}.Debug|Any CPU.ActiveCfg = Debug|Any CPU
		{5120FAED-5B62-4490-B440-06C0B7181680}.Debug|Any CPU.Build.0 = Debug|Any CPU
		{5120FAED-5B62-4490-B440-06C0B7181680}.Release|Any CPU.ActiveCfg = Release|Any CPU
		{5120FAED-5B62-4490-B440-06C0B7181680}.Release|Any CPU.Build.0 = Release|Any CPU
		{A8BE837C-5B09-4112-BE3B-23F7D9B03868}.Debug|Any CPU.ActiveCfg = Debug|Any CPU
		{A8BE837C-5B09-4112-BE3B-23F7D9B03868}.Debug|Any CPU.Build.0 = Debug|Any CPU
		{A8BE837C-5B09-4112-BE3B-23F7D9B03868}.Release|Any CPU.ActiveCfg = Release|Any CPU
		{A8BE837C-5B09-4112-BE3B-23F7D9B03868}.Release|Any CPU.Build.0 = Release|Any CPU
		{521BD22B-654E-4DC2-A71F-A40074A8DD5E}.Debug|Any CPU.ActiveCfg = Debug|Any CPU
		{521BD22B-654E-4DC2-A71F-A40074A8DD5E}.Debug|Any CPU.Build.0 = Debug|Any CPU
		{521BD22B-654E-4DC2-A71F-A40074A8DD5E}.Release|Any CPU.ActiveCfg = Release|Any CPU
		{521BD22B-654E-4DC2-A71F-A40074A8DD5E}.Release|Any CPU.Build.0 = Release|Any CPU
		{EB4A64EA-1A60-4617-8329-E45A80D85A52}.Debug|Any CPU.ActiveCfg = Debug|Any CPU
		{EB4A64EA-1A60-4617-8329-E45A80D85A52}.Debug|Any CPU.Build.0 = Debug|Any CPU
		{EB4A64EA-1A60-4617-8329-E45A80D85A52}.Release|Any CPU.ActiveCfg = Release|Any CPU
		{EB4A64EA-1A60-4617-8329-E45A80D85A52}.Release|Any CPU.Build.0 = Release|Any CPU
		{61FCE51F-6F60-4342-B726-AFB443E0D4FD}.Debug|Any CPU.ActiveCfg = Debug|Any CPU
		{61FCE51F-6F60-4342-B726-AFB443E0D4FD}.Debug|Any CPU.Build.0 = Debug|Any CPU
		{61FCE51F-6F60-4342-B726-AFB443E0D4FD}.Release|Any CPU.ActiveCfg = Release|Any CPU
		{61FCE51F-6F60-4342-B726-AFB443E0D4FD}.Release|Any CPU.Build.0 = Release|Any CPU
		{3982BECF-B0FC-4F64-891B-E9780F17102E}.Debug|Any CPU.ActiveCfg = Debug|Any CPU
		{3982BECF-B0FC-4F64-891B-E9780F17102E}.Debug|Any CPU.Build.0 = Debug|Any CPU
		{3982BECF-B0FC-4F64-891B-E9780F17102E}.Release|Any CPU.ActiveCfg = Release|Any CPU
		{3982BECF-B0FC-4F64-891B-E9780F17102E}.Release|Any CPU.Build.0 = Release|Any CPU
	EndGlobalSection
	GlobalSection(SolutionProperties) = preSolution
		HideSolutionNode = FALSE
	EndGlobalSection
EndGlobal
