
Microsoft Visual Studio Solution File, Format Version 12.00
# Visual Studio 15
VisualStudioVersion = 15.0.28010.2036
MinimumVisualStudioVersion = 10.0.40219.1
Project("{FAE04EC0-301F-11D3-BF4B-00C04F79EFBC}") = "TestFactory", "TestFactory\TestFactory.csproj", "{1BAB9904-097C-4C80-90B8-5AD294BCABAA}"
EndProject
Global
	GlobalSection(SolutionConfigurationPlatforms) = preSolution
		Debug|Any CPU = Debug|Any CPU
		Release|Any CPU = Release|Any CPU
	EndGlobalSection
	GlobalSection(ProjectConfigurationPlatforms) = postSolution
		{1BAB9904-097C-4C80-90B8-5AD294BCABAA}.Debug|Any CPU.ActiveCfg = Debug|Any CPU
		{1BAB9904-097C-4C80-90B8-5AD294BCABAA}.Debug|Any CPU.Build.0 = Debug|Any CPU
		{1BAB9904-097C-4C80-90B8-5AD294BCABAA}.Release|Any CPU.ActiveCfg = Release|Any CPU
		{1BAB9904-097C-4C80-90B8-5AD294BCABAA}.Release|Any CPU.Build.0 = Release|Any CPU
	EndGlobalSection
	GlobalSection(SolutionProperties) = preSolution
		HideSolutionNode = FALSE
	EndGlobalSection
	GlobalSection(ExtensibilityGlobals) = postSolution
		SolutionGuid = {DF4DE867-69C9-4121-89E6-0EAA6A97A467}
	EndGlobalSection
EndGlobal
