
Microsoft Visual Studio Solution File, Format Version 12.00
# Visual Studio 15
VisualStudioVersion = 15.0.27703.2018
MinimumVisualStudioVersion = 10.0.40219.1
Project("{FAE04EC0-301F-11D3-BF4B-00C04F79EFBC}") = "1.Phonebook", "1.Phonebook\1.Phonebook.csproj", "{6DC1415D-EA9C-4142-B67E-1A86FA74261A}"
EndProject
Project("{FAE04EC0-301F-11D3-BF4B-00C04F79EFBC}") = "2.PhonebookUpgrade", "2.PhonebookUpgrade\2.PhonebookUpgrade.csproj", "{0276A5D3-703C-4134-80C6-7AB701EEDA4B}"
EndProject
Project("{FAE04EC0-301F-11D3-BF4B-00C04F79EFBC}") = "3.AMinerTask", "3.AMinerTask\3.AMinerTask.csproj", "{CDBA7571-EA21-4157-BB0E-6C6F9344F5CA}"
EndProject
Project("{FAE04EC0-301F-11D3-BF4B-00C04F79EFBC}") = "4.FixEmails", "4.FixEmails\4.FixEmails.csproj", "{C5D24E08-231D-43DC-ABB0-47D1086DF95D}"
EndProject
Project("{FAE04EC0-301F-11D3-BF4B-00C04F79EFBC}") = "5.HandsOfCards", "5.HandsOfCards\5.HandsOfCards.csproj", "{4D62D089-5AA4-4A96-A316-5948D6760B0D}"
EndProject
Project("{FAE04EC0-301F-11D3-BF4B-00C04F79EFBC}") = "6.UserLogs", "6.UserLogs\6.UserLogs.csproj", "{7BDD7D20-E07A-4C2E-8FFF-9AADBD2C0A40}"
EndProject
Project("{FAE04EC0-301F-11D3-BF4B-00C04F79EFBC}") = "7.PopulationCounter", "7.PopulationCounter\7.PopulationCounter.csproj", "{B79125C2-F2DE-4E5D-AE8B-7038B5C8E6F1}"
EndProject
Project("{FAE04EC0-301F-11D3-BF4B-00C04F79EFBC}") = "8.LogsAggregator", "8.LogsAggregator\8.LogsAggregator.csproj", "{7762BE6F-06E9-4A38-A0E4-842430AC6CB7}"
EndProject
Project("{FAE04EC0-301F-11D3-BF4B-00C04F79EFBC}") = "9.LegendaryFarming", "9.LegendaryFarming\9.LegendaryFarming.csproj", "{A0CDAD8E-37B9-49BB-B226-ADA6D61B2D5B}"
EndProject
Project("{FAE04EC0-301F-11D3-BF4B-00C04F79EFBC}") = "10.СръбскоUnleashed", "10.СръбскоUnleashed\10.СръбскоUnleashed.csproj", "{CFDE000F-C458-4FA5-97C5-B9ADF7628918}"
EndProject
Project("{FAE04EC0-301F-11D3-BF4B-00C04F79EFBC}") = "11.DragonArmy", "11.DragonArmy\11.DragonArmy.csproj", "{1AD3C4E1-E503-4EF6-99EF-95FB74731BDD}"
EndProject
Global
	GlobalSection(SolutionConfigurationPlatforms) = preSolution
		Debug|Any CPU = Debug|Any CPU
		Release|Any CPU = Release|Any CPU
	EndGlobalSection
	GlobalSection(ProjectConfigurationPlatforms) = postSolution
		{6DC1415D-EA9C-4142-B67E-1A86FA74261A}.Debug|Any CPU.ActiveCfg = Debug|Any CPU
		{6DC1415D-EA9C-4142-B67E-1A86FA74261A}.Debug|Any CPU.Build.0 = Debug|Any CPU
		{6DC1415D-EA9C-4142-B67E-1A86FA74261A}.Release|Any CPU.ActiveCfg = Release|Any CPU
		{6DC1415D-EA9C-4142-B67E-1A86FA74261A}.Release|Any CPU.Build.0 = Release|Any CPU
		{0276A5D3-703C-4134-80C6-7AB701EEDA4B}.Debug|Any CPU.ActiveCfg = Debug|Any CPU
		{0276A5D3-703C-4134-80C6-7AB701EEDA4B}.Debug|Any CPU.Build.0 = Debug|Any CPU
		{0276A5D3-703C-4134-80C6-7AB701EEDA4B}.Release|Any CPU.ActiveCfg = Release|Any CPU
		{0276A5D3-703C-4134-80C6-7AB701EEDA4B}.Release|Any CPU.Build.0 = Release|Any CPU
		{CDBA7571-EA21-4157-BB0E-6C6F9344F5CA}.Debug|Any CPU.ActiveCfg = Debug|Any CPU
		{CDBA7571-EA21-4157-BB0E-6C6F9344F5CA}.Debug|Any CPU.Build.0 = Debug|Any CPU
		{CDBA7571-EA21-4157-BB0E-6C6F9344F5CA}.Release|Any CPU.ActiveCfg = Release|Any CPU
		{CDBA7571-EA21-4157-BB0E-6C6F9344F5CA}.Release|Any CPU.Build.0 = Release|Any CPU
		{C5D24E08-231D-43DC-ABB0-47D1086DF95D}.Debug|Any CPU.ActiveCfg = Debug|Any CPU
		{C5D24E08-231D-43DC-ABB0-47D1086DF95D}.Debug|Any CPU.Build.0 = Debug|Any CPU
		{C5D24E08-231D-43DC-ABB0-47D1086DF95D}.Release|Any CPU.ActiveCfg = Release|Any CPU
		{C5D24E08-231D-43DC-ABB0-47D1086DF95D}.Release|Any CPU.Build.0 = Release|Any CPU
		{4D62D089-5AA4-4A96-A316-5948D6760B0D}.Debug|Any CPU.ActiveCfg = Debug|Any CPU
		{4D62D089-5AA4-4A96-A316-5948D6760B0D}.Debug|Any CPU.Build.0 = Debug|Any CPU
		{4D62D089-5AA4-4A96-A316-5948D6760B0D}.Release|Any CPU.ActiveCfg = Release|Any CPU
		{4D62D089-5AA4-4A96-A316-5948D6760B0D}.Release|Any CPU.Build.0 = Release|Any CPU
		{7BDD7D20-E07A-4C2E-8FFF-9AADBD2C0A40}.Debug|Any CPU.ActiveCfg = Debug|Any CPU
		{7BDD7D20-E07A-4C2E-8FFF-9AADBD2C0A40}.Debug|Any CPU.Build.0 = Debug|Any CPU
		{7BDD7D20-E07A-4C2E-8FFF-9AADBD2C0A40}.Release|Any CPU.ActiveCfg = Release|Any CPU
		{7BDD7D20-E07A-4C2E-8FFF-9AADBD2C0A40}.Release|Any CPU.Build.0 = Release|Any CPU
		{B79125C2-F2DE-4E5D-AE8B-7038B5C8E6F1}.Debug|Any CPU.ActiveCfg = Debug|Any CPU
		{B79125C2-F2DE-4E5D-AE8B-7038B5C8E6F1}.Debug|Any CPU.Build.0 = Debug|Any CPU
		{B79125C2-F2DE-4E5D-AE8B-7038B5C8E6F1}.Release|Any CPU.ActiveCfg = Release|Any CPU
		{B79125C2-F2DE-4E5D-AE8B-7038B5C8E6F1}.Release|Any CPU.Build.0 = Release|Any CPU
		{7762BE6F-06E9-4A38-A0E4-842430AC6CB7}.Debug|Any CPU.ActiveCfg = Debug|Any CPU
		{7762BE6F-06E9-4A38-A0E4-842430AC6CB7}.Debug|Any CPU.Build.0 = Debug|Any CPU
		{7762BE6F-06E9-4A38-A0E4-842430AC6CB7}.Release|Any CPU.ActiveCfg = Release|Any CPU
		{7762BE6F-06E9-4A38-A0E4-842430AC6CB7}.Release|Any CPU.Build.0 = Release|Any CPU
		{A0CDAD8E-37B9-49BB-B226-ADA6D61B2D5B}.Debug|Any CPU.ActiveCfg = Debug|Any CPU
		{A0CDAD8E-37B9-49BB-B226-ADA6D61B2D5B}.Debug|Any CPU.Build.0 = Debug|Any CPU
		{A0CDAD8E-37B9-49BB-B226-ADA6D61B2D5B}.Release|Any CPU.ActiveCfg = Release|Any CPU
		{A0CDAD8E-37B9-49BB-B226-ADA6D61B2D5B}.Release|Any CPU.Build.0 = Release|Any CPU
		{CFDE000F-C458-4FA5-97C5-B9ADF7628918}.Debug|Any CPU.ActiveCfg = Debug|Any CPU
		{CFDE000F-C458-4FA5-97C5-B9ADF7628918}.Debug|Any CPU.Build.0 = Debug|Any CPU
		{CFDE000F-C458-4FA5-97C5-B9ADF7628918}.Release|Any CPU.ActiveCfg = Release|Any CPU
		{CFDE000F-C458-4FA5-97C5-B9ADF7628918}.Release|Any CPU.Build.0 = Release|Any CPU
		{1AD3C4E1-E503-4EF6-99EF-95FB74731BDD}.Debug|Any CPU.ActiveCfg = Debug|Any CPU
		{1AD3C4E1-E503-4EF6-99EF-95FB74731BDD}.Debug|Any CPU.Build.0 = Debug|Any CPU
		{1AD3C4E1-E503-4EF6-99EF-95FB74731BDD}.Release|Any CPU.ActiveCfg = Release|Any CPU
		{1AD3C4E1-E503-4EF6-99EF-95FB74731BDD}.Release|Any CPU.Build.0 = Release|Any CPU
	EndGlobalSection
	GlobalSection(SolutionProperties) = preSolution
		HideSolutionNode = FALSE
	EndGlobalSection
	GlobalSection(ExtensibilityGlobals) = postSolution
		SolutionGuid = {124C1345-F2A8-4000-92A7-7FF2F6ACCFFE}
	EndGlobalSection
EndGlobal
