
Microsoft Visual Studio Solution File, Format Version 12.00
# Visual Studio 15
VisualStudioVersion = 15.0.28010.2036
MinimumVisualStudioVersion = 10.0.40219.1
Project("{FAE04EC0-301F-11D3-BF4B-00C04F79EFBC}") = "1.UniqueUsernames", "1.UniqueUsernames\1.UniqueUsernames.csproj", "{7B25A647-8023-46C6-B884-7D5D1ED68CC4}"
EndProject
Project("{FAE04EC0-301F-11D3-BF4B-00C04F79EFBC}") = "2.SetsOfElements", "2.SetsOfElements\2.SetsOfElements.csproj", "{867F1E56-7959-4803-8017-6B9D0E8ACE70}"
EndProject
Project("{FAE04EC0-301F-11D3-BF4B-00C04F79EFBC}") = "3.PeriodicTable", "3.PeriodicTable\3.PeriodicTable.csproj", "{4C0580D3-73EA-45F4-A115-E930ED0D53F6}"
EndProject
Project("{FAE04EC0-301F-11D3-BF4B-00C04F79EFBC}") = "4.EvenTimes", "4.EvenTimes\4.EvenTimes.csproj", "{DED470D6-B242-411A-BFAF-5AD63BDE3E4B}"
EndProject
Project("{FAE04EC0-301F-11D3-BF4B-00C04F79EFBC}") = "5.CountSymbols", "5.CountSymbols\5.CountSymbols.csproj", "{7635E8BF-E27E-4489-8B91-17856301C748}"
EndProject
Project("{FAE04EC0-301F-11D3-BF4B-00C04F79EFBC}") = "6.Wardrobe", "6.Wardrobe\6.Wardrobe.csproj", "{4697E135-9FEA-4F6B-91CC-9DE79C50D2ED}"
EndProject
Project("{FAE04EC0-301F-11D3-BF4B-00C04F79EFBC}") = "7.TheV-Logger", "7.TheV-Logger\7.TheV-Logger.csproj", "{ADD0B4BB-F344-4C2B-8792-CAE755B10490}"
EndProject
Project("{FAE04EC0-301F-11D3-BF4B-00C04F79EFBC}") = "8.Ranking", "8.Ranking\8.Ranking.csproj", "{3C792AB9-FD65-42BA-A5B3-6C70D476B4C3}"
EndProject
Global
	GlobalSection(SolutionConfigurationPlatforms) = preSolution
		Debug|Any CPU = Debug|Any CPU
		Release|Any CPU = Release|Any CPU
	EndGlobalSection
	GlobalSection(ProjectConfigurationPlatforms) = postSolution
		{7B25A647-8023-46C6-B884-7D5D1ED68CC4}.Debug|Any CPU.ActiveCfg = Debug|Any CPU
		{7B25A647-8023-46C6-B884-7D5D1ED68CC4}.Debug|Any CPU.Build.0 = Debug|Any CPU
		{7B25A647-8023-46C6-B884-7D5D1ED68CC4}.Release|Any CPU.ActiveCfg = Release|Any CPU
		{7B25A647-8023-46C6-B884-7D5D1ED68CC4}.Release|Any CPU.Build.0 = Release|Any CPU
		{867F1E56-7959-4803-8017-6B9D0E8ACE70}.Debug|Any CPU.ActiveCfg = Debug|Any CPU
		{867F1E56-7959-4803-8017-6B9D0E8ACE70}.Debug|Any CPU.Build.0 = Debug|Any CPU
		{867F1E56-7959-4803-8017-6B9D0E8ACE70}.Release|Any CPU.ActiveCfg = Release|Any CPU
		{867F1E56-7959-4803-8017-6B9D0E8ACE70}.Release|Any CPU.Build.0 = Release|Any CPU
		{4C0580D3-73EA-45F4-A115-E930ED0D53F6}.Debug|Any CPU.ActiveCfg = Debug|Any CPU
		{4C0580D3-73EA-45F4-A115-E930ED0D53F6}.Debug|Any CPU.Build.0 = Debug|Any CPU
		{4C0580D3-73EA-45F4-A115-E930ED0D53F6}.Release|Any CPU.ActiveCfg = Release|Any CPU
		{4C0580D3-73EA-45F4-A115-E930ED0D53F6}.Release|Any CPU.Build.0 = Release|Any CPU
		{DED470D6-B242-411A-BFAF-5AD63BDE3E4B}.Debug|Any CPU.ActiveCfg = Debug|Any CPU
		{DED470D6-B242-411A-BFAF-5AD63BDE3E4B}.Debug|Any CPU.Build.0 = Debug|Any CPU
		{DED470D6-B242-411A-BFAF-5AD63BDE3E4B}.Release|Any CPU.ActiveCfg = Release|Any CPU
		{DED470D6-B242-411A-BFAF-5AD63BDE3E4B}.Release|Any CPU.Build.0 = Release|Any CPU
		{7635E8BF-E27E-4489-8B91-17856301C748}.Debug|Any CPU.ActiveCfg = Debug|Any CPU
		{7635E8BF-E27E-4489-8B91-17856301C748}.Debug|Any CPU.Build.0 = Debug|Any CPU
		{7635E8BF-E27E-4489-8B91-17856301C748}.Release|Any CPU.ActiveCfg = Release|Any CPU
		{7635E8BF-E27E-4489-8B91-17856301C748}.Release|Any CPU.Build.0 = Release|Any CPU
		{4697E135-9FEA-4F6B-91CC-9DE79C50D2ED}.Debug|Any CPU.ActiveCfg = Debug|Any CPU
		{4697E135-9FEA-4F6B-91CC-9DE79C50D2ED}.Debug|Any CPU.Build.0 = Debug|Any CPU
		{4697E135-9FEA-4F6B-91CC-9DE79C50D2ED}.Release|Any CPU.ActiveCfg = Release|Any CPU
		{4697E135-9FEA-4F6B-91CC-9DE79C50D2ED}.Release|Any CPU.Build.0 = Release|Any CPU
		{ADD0B4BB-F344-4C2B-8792-CAE755B10490}.Debug|Any CPU.ActiveCfg = Debug|Any CPU
		{ADD0B4BB-F344-4C2B-8792-CAE755B10490}.Debug|Any CPU.Build.0 = Debug|Any CPU
		{ADD0B4BB-F344-4C2B-8792-CAE755B10490}.Release|Any CPU.ActiveCfg = Release|Any CPU
		{ADD0B4BB-F344-4C2B-8792-CAE755B10490}.Release|Any CPU.Build.0 = Release|Any CPU
		{3C792AB9-FD65-42BA-A5B3-6C70D476B4C3}.Debug|Any CPU.ActiveCfg = Debug|Any CPU
		{3C792AB9-FD65-42BA-A5B3-6C70D476B4C3}.Debug|Any CPU.Build.0 = Debug|Any CPU
		{3C792AB9-FD65-42BA-A5B3-6C70D476B4C3}.Release|Any CPU.ActiveCfg = Release|Any CPU
		{3C792AB9-FD65-42BA-A5B3-6C70D476B4C3}.Release|Any CPU.Build.0 = Release|Any CPU
	EndGlobalSection
	GlobalSection(SolutionProperties) = preSolution
		HideSolutionNode = FALSE
	EndGlobalSection
	GlobalSection(ExtensibilityGlobals) = postSolution
		SolutionGuid = {DF6B4C8A-5924-4ADA-9046-E54992AC3928}
	EndGlobalSection
EndGlobal
