
Microsoft Visual Studio Solution File, Format Version 12.00
# Visual Studio 15
VisualStudioVersion = 15.0.28010.2036
MinimumVisualStudioVersion = 10.0.40219.1
Project("{FAE04EC0-301F-11D3-BF4B-00C04F79EFBC}") = "Vehicles", "Vehicles\Vehicles.csproj", "{3F97EF16-3466-4B9B-A4EB-D11B97A48794}"
EndProject
Project("{FAE04EC0-301F-11D3-BF4B-00C04F79EFBC}") = "WildFarm", "WildFarm\WildFarm.csproj", "{90786117-B632-42EA-99AA-070F6D5A51F0}"
EndProject
Global
	GlobalSection(SolutionConfigurationPlatforms) = preSolution
		Debug|Any CPU = Debug|Any CPU
		Release|Any CPU = Release|Any CPU
	EndGlobalSection
	GlobalSection(ProjectConfigurationPlatforms) = postSolution
		{3F97EF16-3466-4B9B-A4EB-D11B97A48794}.Debug|Any CPU.ActiveCfg = Debug|Any CPU
		{3F97EF16-3466-4B9B-A4EB-D11B97A48794}.Debug|Any CPU.Build.0 = Debug|Any CPU
		{3F97EF16-3466-4B9B-A4EB-D11B97A48794}.Release|Any CPU.ActiveCfg = Release|Any CPU
		{3F97EF16-3466-4B9B-A4EB-D11B97A48794}.Release|Any CPU.Build.0 = Release|Any CPU
		{90786117-B632-42EA-99AA-070F6D5A51F0}.Debug|Any CPU.ActiveCfg = Debug|Any CPU
		{90786117-B632-42EA-99AA-070F6D5A51F0}.Debug|Any CPU.Build.0 = Debug|Any CPU
		{90786117-B632-42EA-99AA-070F6D5A51F0}.Release|Any CPU.ActiveCfg = Release|Any CPU
		{90786117-B632-42EA-99AA-070F6D5A51F0}.Release|Any CPU.Build.0 = Release|Any CPU
	EndGlobalSection
	GlobalSection(SolutionProperties) = preSolution
		HideSolutionNode = FALSE
	EndGlobalSection
	GlobalSection(ExtensibilityGlobals) = postSolution
		SolutionGuid = {13429F1A-CBA1-453F-A72F-9344D8805D42}
	EndGlobalSection
EndGlobal
